
Microsoft Visual Studio Solution File, Format Version 12.00
Project("{2150E333-8FDC-42A3-9474-1A3956D46DE8}") = "PatientMicroservice", "PatientMicroservice", "{EB033E3F-BB14-4238-820E-1523ADA6AAE8}"
EndProject
Project("{FAE04EC0-301F-11D3-BF4B-00C04F79EFBC}") = "MediLabo.Patient.Domain", "MediLabo.Patient.Domain\MediLabo.Patient.Domain.csproj", "{93182EDC-212F-47F5-AD2C-B410F15C101F}"
EndProject
Project("{FAE04EC0-301F-11D3-BF4B-00C04F79EFBC}") = "MediLabo.Patient.Database", "MediLabo.Patient.Database\MediLabo.Patient.Database.csproj", "{59EB2A55-92CB-483D-9658-03A067CF043F}"
EndProject
Project("{FAE04EC0-301F-11D3-BF4B-00C04F79EFBC}") = "MediLabo.Patient.API", "MediLabo.Patient.API\MediLabo.Patient.API.csproj", "{4CD7ECCD-1661-4A22-8BA2-25839152DE7B}"
EndProject
Project("{2150E333-8FDC-42A3-9474-1A3956D46DE8}") = "Gateway", "Gateway", "{0E8BA078-49D5-4DC4-8F87-3D4CC767D5A6}"
EndProject
Project("{FAE04EC0-301F-11D3-BF4B-00C04F79EFBC}") = "MediLabo.Gateway.API", "MediLabo.Gateway.API\MediLabo.Gateway.API.csproj", "{63ADA898-4340-4AD0-831E-7A4CAF3C1518}"
EndProject
Project("{2150E333-8FDC-42A3-9474-1A3956D46DE8}") = "FrontendMvc", "FrontendMvc", "{F1280BA0-AFAF-4B39-820E-6A75FEDFEF87}"
EndProject
Project("{FAE04EC0-301F-11D3-BF4B-00C04F79EFBC}") = "MediLabo.Frontend.Web", "MediLabo.Frontend.Web\MediLabo.Frontend.Web.csproj", "{1002E5AF-0306-4922-9EEF-0BFA1DED7298}"
EndProject
Project("{FAE04EC0-301F-11D3-BF4B-00C04F79EFBC}") = "MediLabo.Gateway.Database", "MediLabo.Gateway.Database\MediLabo.Gateway.Database.csproj", "{1F27322D-213F-4162-AD46-C535EC39B75C}"
EndProject
Project("{2150E333-8FDC-42A3-9474-1A3956D46DE8}") = "PatientHistoryMicroservice", "PatientHistoryMicroservice", "{B7BE2CDC-E147-4EFA-814F-F3B0A08BFA0B}"
EndProject
Project("{FAE04EC0-301F-11D3-BF4B-00C04F79EFBC}") = "MediLabo.PatientHistory.API", "MediLabo.PatientHistory.API\MediLabo.PatientHistory.API.csproj", "{CF760EE1-A4CD-4924-BEAD-3910702A0BEE}"
EndProject
Project("{FAE04EC0-301F-11D3-BF4B-00C04F79EFBC}") = "MediLabo.PatientHistory.Database", "MediLabo.PatientHistory.Database\MediLabo.PatientHistory.Database.csproj", "{0ED41E78-B9D0-4448-9928-E99F9C0B6813}"
EndProject
Project("{FAE04EC0-301F-11D3-BF4B-00C04F79EFBC}") = "MediLabo.PatientHistory.Domain", "MediLabo.PatientHistory.Domain\MediLabo.PatientHistory.Domain.csproj", "{669016DB-A116-45BD-A04D-8955BAAB21C8}"
EndProject
Project("{2150E333-8FDC-42A3-9474-1A3956D46DE8}") = "AssessmentMicroservice", "AssessmentMicroservice", "{2DF4EE24-8D2E-4BE8-AC3D-6B272FE34A73}"
EndProject
Project("{FAE04EC0-301F-11D3-BF4B-00C04F79EFBC}") = "MediLabo.Assessment.API", "MediLabo.Assessment.API\MediLabo.Assessment.API.csproj", "{1617CF42-7060-4A03-A888-F317D0ECCBB3}"
EndProject
Global
	GlobalSection(SolutionConfigurationPlatforms) = preSolution
		Debug|Any CPU = Debug|Any CPU
		Release|Any CPU = Release|Any CPU
	EndGlobalSection
	GlobalSection(NestedProjects) = preSolution
		{93182EDC-212F-47F5-AD2C-B410F15C101F} = {EB033E3F-BB14-4238-820E-1523ADA6AAE8}
		{59EB2A55-92CB-483D-9658-03A067CF043F} = {EB033E3F-BB14-4238-820E-1523ADA6AAE8}
		{4CD7ECCD-1661-4A22-8BA2-25839152DE7B} = {EB033E3F-BB14-4238-820E-1523ADA6AAE8}
		{63ADA898-4340-4AD0-831E-7A4CAF3C1518} = {0E8BA078-49D5-4DC4-8F87-3D4CC767D5A6}
		{1002E5AF-0306-4922-9EEF-0BFA1DED7298} = {F1280BA0-AFAF-4B39-820E-6A75FEDFEF87}
		{1F27322D-213F-4162-AD46-C535EC39B75C} = {0E8BA078-49D5-4DC4-8F87-3D4CC767D5A6}
		{CF760EE1-A4CD-4924-BEAD-3910702A0BEE} = {B7BE2CDC-E147-4EFA-814F-F3B0A08BFA0B}
		{0ED41E78-B9D0-4448-9928-E99F9C0B6813} = {B7BE2CDC-E147-4EFA-814F-F3B0A08BFA0B}
		{669016DB-A116-45BD-A04D-8955BAAB21C8} = {B7BE2CDC-E147-4EFA-814F-F3B0A08BFA0B}
		{1617CF42-7060-4A03-A888-F317D0ECCBB3} = {2DF4EE24-8D2E-4BE8-AC3D-6B272FE34A73}
	EndGlobalSection
	GlobalSection(ProjectConfigurationPlatforms) = postSolution
		{93182EDC-212F-47F5-AD2C-B410F15C101F}.Debug|Any CPU.ActiveCfg = Debug|Any CPU
		{93182EDC-212F-47F5-AD2C-B410F15C101F}.Debug|Any CPU.Build.0 = Debug|Any CPU
		{93182EDC-212F-47F5-AD2C-B410F15C101F}.Release|Any CPU.ActiveCfg = Release|Any CPU
		{93182EDC-212F-47F5-AD2C-B410F15C101F}.Release|Any CPU.Build.0 = Release|Any CPU
		{59EB2A55-92CB-483D-9658-03A067CF043F}.Debug|Any CPU.ActiveCfg = Debug|Any CPU
		{59EB2A55-92CB-483D-9658-03A067CF043F}.Debug|Any CPU.Build.0 = Debug|Any CPU
		{59EB2A55-92CB-483D-9658-03A067CF043F}.Release|Any CPU.ActiveCfg = Release|Any CPU
		{59EB2A55-92CB-483D-9658-03A067CF043F}.Release|Any CPU.Build.0 = Release|Any CPU
		{4CD7ECCD-1661-4A22-8BA2-25839152DE7B}.Debug|Any CPU.ActiveCfg = Debug|Any CPU
		{4CD7ECCD-1661-4A22-8BA2-25839152DE7B}.Debug|Any CPU.Build.0 = Debug|Any CPU
		{4CD7ECCD-1661-4A22-8BA2-25839152DE7B}.Release|Any CPU.ActiveCfg = Release|Any CPU
		{4CD7ECCD-1661-4A22-8BA2-25839152DE7B}.Release|Any CPU.Build.0 = Release|Any CPU
		{63ADA898-4340-4AD0-831E-7A4CAF3C1518}.Debug|Any CPU.ActiveCfg = Debug|Any CPU
		{63ADA898-4340-4AD0-831E-7A4CAF3C1518}.Debug|Any CPU.Build.0 = Debug|Any CPU
		{63ADA898-4340-4AD0-831E-7A4CAF3C1518}.Release|Any CPU.ActiveCfg = Release|Any CPU
		{63ADA898-4340-4AD0-831E-7A4CAF3C1518}.Release|Any CPU.Build.0 = Release|Any CPU
		{1002E5AF-0306-4922-9EEF-0BFA1DED7298}.Debug|Any CPU.ActiveCfg = Debug|Any CPU
		{1002E5AF-0306-4922-9EEF-0BFA1DED7298}.Debug|Any CPU.Build.0 = Debug|Any CPU
		{1002E5AF-0306-4922-9EEF-0BFA1DED7298}.Release|Any CPU.ActiveCfg = Release|Any CPU
		{1002E5AF-0306-4922-9EEF-0BFA1DED7298}.Release|Any CPU.Build.0 = Release|Any CPU
		{1F27322D-213F-4162-AD46-C535EC39B75C}.Debug|Any CPU.ActiveCfg = Debug|Any CPU
		{1F27322D-213F-4162-AD46-C535EC39B75C}.Debug|Any CPU.Build.0 = Debug|Any CPU
		{1F27322D-213F-4162-AD46-C535EC39B75C}.Release|Any CPU.ActiveCfg = Release|Any CPU
		{1F27322D-213F-4162-AD46-C535EC39B75C}.Release|Any CPU.Build.0 = Release|Any CPU
		{CF760EE1-A4CD-4924-BEAD-3910702A0BEE}.Debug|Any CPU.ActiveCfg = Debug|Any CPU
		{CF760EE1-A4CD-4924-BEAD-3910702A0BEE}.Debug|Any CPU.Build.0 = Debug|Any CPU
		{CF760EE1-A4CD-4924-BEAD-3910702A0BEE}.Release|Any CPU.ActiveCfg = Release|Any CPU
		{CF760EE1-A4CD-4924-BEAD-3910702A0BEE}.Release|Any CPU.Build.0 = Release|Any CPU
		{0ED41E78-B9D0-4448-9928-E99F9C0B6813}.Debug|Any CPU.ActiveCfg = Debug|Any CPU
		{0ED41E78-B9D0-4448-9928-E99F9C0B6813}.Debug|Any CPU.Build.0 = Debug|Any CPU
		{0ED41E78-B9D0-4448-9928-E99F9C0B6813}.Release|Any CPU.ActiveCfg = Release|Any CPU
		{0ED41E78-B9D0-4448-9928-E99F9C0B6813}.Release|Any CPU.Build.0 = Release|Any CPU
		{669016DB-A116-45BD-A04D-8955BAAB21C8}.Debug|Any CPU.ActiveCfg = Debug|Any CPU
		{669016DB-A116-45BD-A04D-8955BAAB21C8}.Debug|Any CPU.Build.0 = Debug|Any CPU
		{669016DB-A116-45BD-A04D-8955BAAB21C8}.Release|Any CPU.ActiveCfg = Release|Any CPU
		{669016DB-A116-45BD-A04D-8955BAAB21C8}.Release|Any CPU.Build.0 = Release|Any CPU
		{1617CF42-7060-4A03-A888-F317D0ECCBB3}.Debug|Any CPU.ActiveCfg = Debug|Any CPU
		{1617CF42-7060-4A03-A888-F317D0ECCBB3}.Debug|Any CPU.Build.0 = Debug|Any CPU
		{1617CF42-7060-4A03-A888-F317D0ECCBB3}.Release|Any CPU.ActiveCfg = Release|Any CPU
		{1617CF42-7060-4A03-A888-F317D0ECCBB3}.Release|Any CPU.Build.0 = Release|Any CPU
	EndGlobalSection
EndGlobal
